
Microsoft Visual Studio Solution File, Format Version 12.00
# Visual Studio Version 16
VisualStudioVersion = 16.0.32929.386
MinimumVisualStudioVersion = 10.0.40219.1
Project("{FAE04EC0-301F-11D3-BF4B-00C04F79EFBC}") = "BoxDBC", "BoxDBC\BoxDBC.csproj", "{944F271F-4AEC-46D7-A7DE-B135500B260D}"
EndProject
Global
	GlobalSection(SolutionConfigurationPlatforms) = preSolution
		Debug|Any CPU = Debug|Any CPU
		Release|Any CPU = Release|Any CPU
	EndGlobalSection
	GlobalSection(ProjectConfigurationPlatforms) = postSolution
		{944F271F-4AEC-46D7-A7DE-B135500B260D}.Debug|Any CPU.ActiveCfg = Debug|Any CPU
		{944F271F-4AEC-46D7-A7DE-B135500B260D}.Debug|Any CPU.Build.0 = Debug|Any CPU
		{944F271F-4AEC-46D7-A7DE-B135500B260D}.Release|Any CPU.ActiveCfg = Release|Any CPU
		{944F271F-4AEC-46D7-A7DE-B135500B260D}.Release|Any CPU.Build.0 = Release|Any CPU
	EndGlobalSection
	GlobalSection(SolutionProperties) = preSolution
		HideSolutionNode = FALSE
	EndGlobalSection
	GlobalSection(ExtensibilityGlobals) = postSolution
		SolutionGuid = {EC05EEC7-A7AD-4B20-A72B-91C88B07712E}
	EndGlobalSection
EndGlobal
